
Microsoft Visual Studio Solution File, Format Version 12.00
# Visual Studio Version 16
VisualStudioVersion = 16.0.30011.22
MinimumVisualStudioVersion = 10.0.40219.1
Project("{9A19103F-16F7-4668-BE54-9A1E7A4F7556}") = "SampleApp.MVC", "SampleApp.MVC\SampleApp.MVC.csproj", "{41BF59EB-ED3A-4BE3-AB31-063E652135C2}"
EndProject
Project("{9A19103F-16F7-4668-BE54-9A1E7A4F7556}") = "SampleApp.API", "SampleApp.API\SampleApp.API.csproj", "{E9920733-D56E-4C57-AA4C-90B92F63E8E9}"
EndProject
Project("{2150E333-8FDC-42A3-9474-1A3956D46DE8}") = "Solution Items", "Solution Items", "{0234625D-11ED-4185-A864-E0488D33E579}"
	ProjectSection(SolutionItems) = preProject
		docker-compose.yml = docker-compose.yml
		README.md = README.md
	EndProjectSection
EndProject
Project("{2150E333-8FDC-42A3-9474-1A3956D46DE8}") = "env", "env", "{869DC26E-7FA7-4869-A81A-67A07DC1DC7F}"
	ProjectSection(SolutionItems) = preProject
		.docker\env\mvc.development.env = .docker\env\mvc.development.env
		.docker\env\mvc.mocking.env = .docker\env\mvc.mocking.env
	EndProjectSection
EndProject
Project("{2150E333-8FDC-42A3-9474-1A3956D46DE8}") = "json-server", "json-server", "{2CE0863E-B59F-498B-B549-5BC6FF1537E2}"
	ProjectSection(SolutionItems) = preProject
		.docker\json-server\db.json = .docker\json-server\db.json
		.docker\json-server\Dockerfile = .docker\json-server\Dockerfile
	EndProjectSection
EndProject
Project("{2150E333-8FDC-42A3-9474-1A3956D46DE8}") = "mongo-seed", "mongo-seed", "{DE961D88-0769-4F88-97C9-F4BEB3B820C9}"
	ProjectSection(SolutionItems) = preProject
		.docker\mongo-seed\Dockerfile = .docker\mongo-seed\Dockerfile
		.docker\mongo-seed\init.json = .docker\mongo-seed\init.json
	EndProjectSection
EndProject
Project("{2150E333-8FDC-42A3-9474-1A3956D46DE8}") = ".docker", ".docker", "{C2370C11-7D8D-402C-8DBC-878A6EE98614}"
EndProject
Project("{2150E333-8FDC-42A3-9474-1A3956D46DE8}") = "hoverfly", "hoverfly", "{2177EE45-90A5-4D60-85A1-B6464BEE68F8}"
	ProjectSection(SolutionItems) = preProject
		.docker\hoverfly\Dockerfile = .docker\hoverfly\Dockerfile
	EndProjectSection
EndProject
Project("{2150E333-8FDC-42A3-9474-1A3956D46DE8}") = "rabbit", "rabbit", "{B4DFBE57-D1A9-4790-B1AB-E084FD9B962A}"
	ProjectSection(SolutionItems) = preProject
		.docker\rabbit\definitions.json = .docker\rabbit\definitions.json
		.docker\rabbit\Dockerfile = .docker\rabbit\Dockerfile
		.docker\rabbit\rabbitmq.config = .docker\rabbit\rabbitmq.config
	EndProjectSection
EndProject
Project("{2150E333-8FDC-42A3-9474-1A3956D46DE8}") = "bin", "bin", "{8041AB74-5317-40CD-BAA0-38FD2612623A}"
	ProjectSection(SolutionItems) = preProject
		.docker\hoverfly\bin\hoverctl = .docker\hoverfly\bin\hoverctl
		.docker\hoverfly\bin\hoverfly = .docker\hoverfly\bin\hoverfly
	EndProjectSection
EndProject
Global
	GlobalSection(SolutionConfigurationPlatforms) = preSolution
		Debug|Any CPU = Debug|Any CPU
		Release|Any CPU = Release|Any CPU
	EndGlobalSection
	GlobalSection(ProjectConfigurationPlatforms) = postSolution
		{41BF59EB-ED3A-4BE3-AB31-063E652135C2}.Debug|Any CPU.ActiveCfg = Debug|Any CPU
		{41BF59EB-ED3A-4BE3-AB31-063E652135C2}.Debug|Any CPU.Build.0 = Debug|Any CPU
		{41BF59EB-ED3A-4BE3-AB31-063E652135C2}.Release|Any CPU.ActiveCfg = Release|Any CPU
		{41BF59EB-ED3A-4BE3-AB31-063E652135C2}.Release|Any CPU.Build.0 = Release|Any CPU
		{E9920733-D56E-4C57-AA4C-90B92F63E8E9}.Debug|Any CPU.ActiveCfg = Debug|Any CPU
		{E9920733-D56E-4C57-AA4C-90B92F63E8E9}.Debug|Any CPU.Build.0 = Debug|Any CPU
		{E9920733-D56E-4C57-AA4C-90B92F63E8E9}.Release|Any CPU.ActiveCfg = Release|Any CPU
		{E9920733-D56E-4C57-AA4C-90B92F63E8E9}.Release|Any CPU.Build.0 = Release|Any CPU
	EndGlobalSection
	GlobalSection(SolutionProperties) = preSolution
		HideSolutionNode = FALSE
	EndGlobalSection
	GlobalSection(NestedProjects) = preSolution
		{869DC26E-7FA7-4869-A81A-67A07DC1DC7F} = {C2370C11-7D8D-402C-8DBC-878A6EE98614}
		{2CE0863E-B59F-498B-B549-5BC6FF1537E2} = {C2370C11-7D8D-402C-8DBC-878A6EE98614}
		{DE961D88-0769-4F88-97C9-F4BEB3B820C9} = {C2370C11-7D8D-402C-8DBC-878A6EE98614}
		{C2370C11-7D8D-402C-8DBC-878A6EE98614} = {0234625D-11ED-4185-A864-E0488D33E579}
		{2177EE45-90A5-4D60-85A1-B6464BEE68F8} = {C2370C11-7D8D-402C-8DBC-878A6EE98614}
		{B4DFBE57-D1A9-4790-B1AB-E084FD9B962A} = {C2370C11-7D8D-402C-8DBC-878A6EE98614}
		{8041AB74-5317-40CD-BAA0-38FD2612623A} = {2177EE45-90A5-4D60-85A1-B6464BEE68F8}
	EndGlobalSection
	GlobalSection(ExtensibilityGlobals) = postSolution
		SolutionGuid = {3609ADBF-3B4F-4650-BD32-93B996A64017}
	EndGlobalSection
EndGlobal
